
Microsoft Visual Studio Solution File, Format Version 12.00
# Visual Studio Version 17
VisualStudioVersion = 17.11.35327.3
MinimumVisualStudioVersion = 10.0.40219.1
Project("{8BC9CEB8-8B4A-11D0-8D11-00A0C91BC942}") = "Wunsz", "Wunsz\Wunsz.vcxproj", "{2361C6D0-04D4-49B1-9562-C5E9486E83E8}"
EndProject
Global
	GlobalSection(SolutionConfigurationPlatforms) = preSolution
		Debug|x64 = Debug|x64
		Debug|x86 = Debug|x86
		Release|x64 = Release|x64
		Release|x86 = Release|x86
	EndGlobalSection
	GlobalSection(ProjectConfigurationPlatforms) = postSolution
		{2361C6D0-04D4-49B1-9562-C5E9486E83E8}.Debug|x64.ActiveCfg = Debug|x64
		{2361C6D0-04D4-49B1-9562-C5E9486E83E8}.Debug|x64.Build.0 = Debug|x64
		{2361C6D0-04D4-49B1-9562-C5E9486E83E8}.Debug|x86.ActiveCfg = Debug|Win32
		{2361C6D0-04D4-49B1-9562-C5E9486E83E8}.Debug|x86.Build.0 = Debug|Win32
		{2361C6D0-04D4-49B1-9562-C5E9486E83E8}.Release|x64.ActiveCfg = Release|x64
		{2361C6D0-04D4-49B1-9562-C5E9486E83E8}.Release|x64.Build.0 = Release|x64
		{2361C6D0-04D4-49B1-9562-C5E9486E83E8}.Release|x86.ActiveCfg = Release|Win32
		{2361C6D0-04D4-49B1-9562-C5E9486E83E8}.Release|x86.Build.0 = Release|Win32
	EndGlobalSection
	GlobalSection(SolutionProperties) = preSolution
		HideSolutionNode = FALSE
	EndGlobalSection
	GlobalSection(ExtensibilityGlobals) = postSolution
		SolutionGuid = {8A068F57-97D4-4A08-92CD-597F1925F9E4}
	EndGlobalSection
EndGlobal
